
Microsoft Visual Studio Solution File, Format Version 12.00
# Visual Studio 15
Project("{FAE04EC0-301F-11D3-BF4B-00C04F79EFBC}") = "Dungeon escape", "Assembly-CSharp.csproj", "{051D9C0D-E8EA-F5BC-545A-423369296A49}"
EndProject
Project("{FAE04EC0-301F-11D3-BF4B-00C04F79EFBC}") = "Dungeon escape", "Assembly-CSharp-Editor.csproj", "{80473F1D-94D8-D661-6DB7-6D37C1161F59}"
EndProject
Global
	GlobalSection(SolutionConfigurationPlatforms) = preSolution
		Debug|Any CPU = Debug|Any CPU
		Release|Any CPU = Release|Any CPU
	EndGlobalSection
	GlobalSection(ProjectConfigurationPlatforms) = postSolution
		{051D9C0D-E8EA-F5BC-545A-423369296A49}.Debug|Any CPU.ActiveCfg = Debug|Any CPU
		{051D9C0D-E8EA-F5BC-545A-423369296A49}.Debug|Any CPU.Build.0 = Debug|Any CPU
		{051D9C0D-E8EA-F5BC-545A-423369296A49}.Release|Any CPU.ActiveCfg = Release|Any CPU
		{051D9C0D-E8EA-F5BC-545A-423369296A49}.Release|Any CPU.Build.0 = Release|Any CPU
		{80473F1D-94D8-D661-6DB7-6D37C1161F59}.Debug|Any CPU.ActiveCfg = Debug|Any CPU
		{80473F1D-94D8-D661-6DB7-6D37C1161F59}.Debug|Any CPU.Build.0 = Debug|Any CPU
		{80473F1D-94D8-D661-6DB7-6D37C1161F59}.Release|Any CPU.ActiveCfg = Release|Any CPU
		{80473F1D-94D8-D661-6DB7-6D37C1161F59}.Release|Any CPU.Build.0 = Release|Any CPU
	EndGlobalSection
	GlobalSection(SolutionProperties) = preSolution
		HideSolutionNode = FALSE
	EndGlobalSection
EndGlobal
